
Microsoft Visual Studio Solution File, Format Version 12.00
# Visual Studio Version 17
VisualStudioVersion = 17.3.32819.101
MinimumVisualStudioVersion = 10.0.40219.1
Project("{FAE04EC0-301F-11D3-BF4B-00C04F79EFBC}") = "AddressBok", "AddressBok.csproj", "{DC229F3D-D51F-43DB-BBF4-303EC3EED139}"
EndProject
Global
	GlobalSection(SolutionConfigurationPlatforms) = preSolution
		Debug|Any CPU = Debug|Any CPU
		Release|Any CPU = Release|Any CPU
	EndGlobalSection
	GlobalSection(ProjectConfigurationPlatforms) = postSolution
		{DC229F3D-D51F-43DB-BBF4-303EC3EED139}.Debug|Any CPU.ActiveCfg = Debug|Any CPU
		{DC229F3D-D51F-43DB-BBF4-303EC3EED139}.Debug|Any CPU.Build.0 = Debug|Any CPU
		{DC229F3D-D51F-43DB-BBF4-303EC3EED139}.Release|Any CPU.ActiveCfg = Release|Any CPU
		{DC229F3D-D51F-43DB-BBF4-303EC3EED139}.Release|Any CPU.Build.0 = Release|Any CPU
	EndGlobalSection
	GlobalSection(SolutionProperties) = preSolution
		HideSolutionNode = FALSE
	EndGlobalSection
	GlobalSection(ExtensibilityGlobals) = postSolution
		SolutionGuid = {391345EA-8D51-4C1F-8918-61F540952844}
	EndGlobalSection
EndGlobal
